
Microsoft Visual Studio Solution File, Format Version 12.00
# Visual Studio Version 17
VisualStudioVersion = 17.5.002.0
MinimumVisualStudioVersion = 10.0.40219.1
Project("{9A19103F-16F7-4668-BE54-9A1E7A4F7556}") = "Library_Management_System", "Library_Management_System.csproj", "{7E4FBB13-859F-44D8-8D4C-B07E0B645EB1}"
EndProject
Global
	GlobalSection(SolutionConfigurationPlatforms) = preSolution
		Debug|Any CPU = Debug|Any CPU
		Release|Any CPU = Release|Any CPU
	EndGlobalSection
	GlobalSection(ProjectConfigurationPlatforms) = postSolution
		{7E4FBB13-859F-44D8-8D4C-B07E0B645EB1}.Debug|Any CPU.ActiveCfg = Debug|Any CPU
		{7E4FBB13-859F-44D8-8D4C-B07E0B645EB1}.Debug|Any CPU.Build.0 = Debug|Any CPU
		{7E4FBB13-859F-44D8-8D4C-B07E0B645EB1}.Release|Any CPU.ActiveCfg = Release|Any CPU
		{7E4FBB13-859F-44D8-8D4C-B07E0B645EB1}.Release|Any CPU.Build.0 = Release|Any CPU
	EndGlobalSection
	GlobalSection(SolutionProperties) = preSolution
		HideSolutionNode = FALSE
	EndGlobalSection
	GlobalSection(ExtensibilityGlobals) = postSolution
		SolutionGuid = {D7355654-856F-4FE7-8C22-35721D71F6A5}
	EndGlobalSection
EndGlobal
